# Tested Python 3.11 environment; includes the existing baseline adapters.
numpy==2.4.6
matplotlib==3.11.1
z3-solver==5.0.0.0
sacrebleu==2.6.0
PyYAML==6.0.3
Pillow==12.2.0
openai==2.53.0
python-dotenv==1.2.2
loguru==0.7.3
playwright==1.62.0
pandas==3.0.5
tqdm==4.70.0
azure-identity==1.25.3
rich==13.6.0
